// !$*UTF8*$!
{
	archiveVersion = 1;
	classes = {
	};
	objectVersion = 46;
	objects = {

/* Begin PBXBuildFile section */
		75437CB21ACF80F900795E34 /* main.m in Sources */ = {isa = PBXBuildFile; fileRef = 75437CB11ACF80F900795E34 /* main.m */; };
		75437CB51ACF80F900795E34 /* AppDelegate.m in Sources */ = {isa = PBXBuildFile; fileRef = 75437CB41ACF80F900795E34 /* AppDelegate.m */; };
		75437CB81ACF80F900795E34 /* ViewController.m in Sources */ = {isa = PBXBuildFile; fileRef = 75437CB71ACF80F900795E34 /* ViewController.m */; };
		75437CBB1ACF80F900795E34 /* Main.storyboard in Resources */ = {isa = PBXBuildFile; fileRef = 75437CB91ACF80F900795E34 /* Main.storyboard */; };
		75437CBD1ACF80F900795E34 /* Images.xcassets in Resources */ = {isa = PBXBuildFile; fileRef = 75437CBC1ACF80F900795E34 /* Images.xcassets */; };
		75437CC01ACF80F900795E34 /* LaunchScreen.xib in Resources */ = {isa = PBXBuildFile; fileRef = 75437CBE1ACF80F900795E34 /* LaunchScreen.xib */; };
		75437CCC1ACF80F900795E34 /* DemoTests.m in Sources */ = {isa = PBXBuildFile; fileRef = 75437CCB1ACF80F900795E34 /* DemoTests.m */; };
		75437CD71ACF87E200795E34 /* ZPTableViewCell.m in Sources */ = {isa = PBXBuildFile; fileRef = 75437CD61ACF87E200795E34 /* ZPTableViewCell.m */; };
/* End PBXBuildFile section */

/* Begin PBXContainerItemProxy section */
		75437CC61ACF80F900795E34 /* PBXContainerItemProxy */ = {
			isa = PBXContainerItemProxy;
			containerPortal = 75437CA41ACF80F900795E34 /* Project object */;
			proxyType = 1;
			remoteGlobalIDString = 75437CAB1ACF80F900795E34;
			remoteInfo = Demo;
		};
/* End PBXContainerItemProxy section */

/* Begin PBXFileReference section */
		75437CAC1ACF80F900795E34 /* Demo.app */ = {isa = PBXFileReference; explicitFileType = wrapper.application; includeInIndex = 0; path = Demo.app; sourceTree = BUILT_PRODUCTS_DIR; };
		75437CB01ACF80F900795E34 /* Info.plist */ = {isa = PBXFileReference; lastKnownFileType = text.plist.xml; path = Info.plist; sourceTree = "<group>"; };
		75437CB11ACF80F900795E34 /* main.m */ = {isa = PBXFileReference; lastKnownFileType = sourcecode.c.objc; path = main.m; sourceTree = "<group>"; };
		75437CB31ACF80F900795E34 /* AppDelegate.h */ = {isa = PBXFileReference; lastKnownFileType = sourcecode.c.h; path = AppDelegate.h; sourceTree = "<group>"; };
		75437CB41ACF80F900795E34 /* AppDelegate.m */ = {isa = PBXFileReference; lastKnownFileType = sourcecode.c.objc; path = AppDelegate.m; sourceTree = "<group>"; };
		75437CB61ACF80F900795E34 /* ViewController.h */ = {isa = PBXFileReference; lastKnownFileType = sourcecode.c.h; path = ViewController.h; sourceTree = "<group>"; };
		75437CB71ACF80F900795E34 /* ViewController.m */ = {isa = PBXFileReference; lastKnownFileType = sourcecode.c.objc; path = ViewController.m; sourceTree = "<group>"; };
		75437CBA1ACF80F900795E34 /* Base */ = {isa = PBXFileReference; lastKnownFileType = file.storyboard; name = Base; path = Base.lproj/Main.storyboard; sourceTree = "<group>"; };
		75437CBC1ACF80F900795E34 /* Images.xcassets */ = {isa = PBXFileReference; lastKnownFileType = folder.assetcatalog; path = Images.xcassets; sourceTree = "<group>"; };
		75437CBF1ACF80F900795E34 /* Base */ = {isa = PBXFileReference; lastKnownFileType = file.xib; name = Base; path = Base.lproj/LaunchScreen.xib; sourceTree = "<group>"; };
		75437CC51ACF80F900795E34 /* DemoTests.xctest */ = {isa = PBXFileReference; explicitFileType = wrapper.cfbundle; includeInIndex = 0; path = DemoTests.xctest; sourceTree = BUILT_PRODUCTS_DIR; };
		75437CCA1ACF80F900795E34 /* Info.plist */ = {isa = PBXFileReference; lastKnownFileType = text.plist.xml; path = Info.plist; sourceTree = "<group>"; };
		75437CCB1ACF80F900795E34 /* DemoTests.m */ = {isa = PBXFileReference; lastKnownFileType = sourcecode.c.objc; path = DemoTests.m; sourceTree = "<group>"; };
		75437CD51ACF87E200795E34 /* ZPTableViewCell.h */ = {isa = PBXFileReference; fileEncoding = 4; lastKnownFileType = sourcecode.c.h; path = ZPTableViewCell.h; sourceTree = "<group>"; };
		75437CD61ACF87E200795E34 /* ZPTableViewCell.m */ = {isa = PBXFileReference; fileEncoding = 4; lastKnownFileType = sourcecode.c.objc; path = ZPTableViewCell.m; sourceTree = "<group>"; };
/* End PBXFileReference section */

/* Begin PBXFrameworksBuildPhase section */
		75437CA91ACF80F900795E34 /* Frameworks */ = {
			isa = PBXFrameworksBuildPhase;
			buildActionMask = 2147483647;
			files = (
			);
			runOnlyForDeploymentPostprocessing = 0;
		};
		75437CC21ACF80F900795E34 /* Frameworks */ = {
			isa = PBXFrameworksBuildPhase;
			buildActionMask = 2147483647;
			files = (
			);
			runOnlyForDeploymentPostprocessing = 0;
		};
/* End PBXFrameworksBuildPhase section */

/* Begin PBXGroup section */
		75437CA31ACF80F900795E34 = {
			isa = PBXGroup;
			children = (
				75437CAE1ACF80F900795E34 /* Demo */,
				75437CC81ACF80F900795E34 /* DemoTests */,
				75437CAD1ACF80F900795E34 /* Products */,
			);
			sourceTree = "<group>";
		};
		75437CAD1ACF80F900795E34 /* Products */ = {
			isa = PBXGroup;
			children = (
				75437CAC1ACF80F900795E34 /* Demo.app */,
				75437CC51ACF80F900795E34 /* DemoTests.xctest */,
			);
			name = Products;
			sourceTree = "<group>";
		};
		75437CAE1ACF80F900795E34 /* Demo */ = {
			isa = PBXGroup;
			children = (
				75437CB31ACF80F900795E34 /* AppDelegate.h */,
				75437CB41ACF80F900795E34 /* AppDelegate.m */,
				75437CB61ACF80F900795E34 /* ViewController.h */,
				75437CB71ACF80F900795E34 /* ViewController.m */,
				75437CD51ACF87E200795E34 /* ZPTableViewCell.h */,
				75437CD61ACF87E200795E34 /* ZPTableViewCell.m */,
				75437CB91ACF80F900795E34 /* Main.storyboard */,
				75437CBC1ACF80F900795E34 /* Images.xcassets */,
				75437CBE1ACF80F900795E34 /* LaunchScreen.xib */,
				75437CAF1ACF80F900795E34 /* Supporting Files */,
			);
			path = Demo;
			sourceTree = "<group>";
		};
		75437CAF1ACF80F900795E34 /* Supporting Files */ = {
			isa = PBXGroup;
			children = (
				75437CB01ACF80F900795E34 /* Info.plist */,
				75437CB11ACF80F900795E34 /* main.m */,
			);
			name = "Supporting Files";
			sourceTree = "<group>";
		};
		75437CC81ACF80F900795E34 /* DemoTests */ = {
			isa = PBXGroup;
			children = (
				75437CCB1ACF80F900795E34 /* DemoTests.m */,
				75437CC91ACF80F900795E34 /* Supporting Files */,
			);
			path = DemoTests;
			sourceTree = "<group>";
		};
		75437CC91ACF80F900795E34 /* Supporting Files */ = {
			isa = PBXGroup;
			children = (
				75437CCA1ACF80F900795E34 /* Info.plist */,
			);
			name = "Supporting Files";
			sourceTree = "<group>";
		};
/* End PBXGroup section */

/* Begin PBXNativeTarget section */
		75437CAB1ACF80F900795E34 /* Demo */ = {
			isa = PBXNativeTarget;
			buildConfigurationList = 75437CCF1ACF80F900795E34 /* Build configuration list for PBXNativeTarget "Demo" */;
			buildPhases = (
				75437CA81ACF80F900795E34 /* Sources */,
				75437CA91ACF80F900795E34 /* Frameworks */,
				75437CAA1ACF80F900795E34 /* Resources */,
			);
			buildRules = (
			);
			dependencies = (
			);
			name = Demo;
			productName = Demo;
			productReference = 75437CAC1ACF80F900795E34 /* Demo.app */;
			productType = "com.apple.product-type.application";
		};
		75437CC41ACF80F900795E34 /* DemoTests */ = {
			isa = PBXNativeTarget;
			buildConfigurationList = 75437CD21ACF80F900795E34 /* Build configuration list for PBXNativeTarget "DemoTests" */;
			buildPhases = (
				75437CC11ACF80F900795E34 /* Sources */,
				75437CC21ACF80F900795E34 /* Frameworks */,
				75437CC31ACF80F900795E34 /* Resources */,
			);
			buildRules = (
			);
			dependencies = (
				75437CC71ACF80F900795E34 /* PBXTargetDependency */,
			);
			name = DemoTests;
			productName = DemoTests;
			productReference = 75437CC51ACF80F900795E34 /* DemoTests.xctest */;
			productType = "com.apple.product-type.bundle.unit-test";
		};
/* End PBXNativeTarget section */

/* Begin PBXProject section */
		75437CA41ACF80F900795E34 /* Project object */ = {
			isa = PBXProject;
			attributes = {
				LastUpgradeCheck = 0620;
				ORGANIZATIONNAME = "赵鹏";
				TargetAttributes = {
					75437CAB1ACF80F900795E34 = {
						CreatedOnToolsVersion = 6.2;
					};
					75437CC41ACF80F900795E34 = {
						CreatedOnToolsVersion = 6.2;
						TestTargetID = 75437CAB1ACF80F900795E34;
					};
				};
			};
			buildConfigurationList = 75437CA71ACF80F900795E34 /* Build configuration list for PBXProject "Demo" */;
			compatibilityVersion = "Xcode 3.2";
			developmentRegion = English;
			hasScannedForEncodings = 0;
			knownRegions = (
				en,
				Base,
			);
			mainGroup = 75437CA31ACF80F900795E34;
			productRefGroup = 75437CAD1ACF80F900795E34 /* Products */;
			projectDirPath = "";
			projectRoot = "";
			targets = (
				75437CAB1ACF80F900795E34 /* Demo */,
				75437CC41ACF80F900795E34 /* DemoTests */,
			);
		};
/* End PBXProject section */

/* Begin PBXResourcesBuildPhase section */
		75437CAA1ACF80F900795E34 /* Resources */ = {
			isa = PBXResourcesBuildPhase;
			buildActionMask = 2147483647;
			files = (
				75437CBB1ACF80F900795E34 /* Main.storyboard in Resources */,
				75437CC01ACF80F900795E34 /* LaunchScreen.xib in Resources */,
				75437CBD1ACF80F900795E34 /* Images.xcassets in Resources */,
			);
			runOnlyForDeploymentPostprocessing = 0;
		};
		75437CC31ACF80F900795E34 /* Resources */ = {
			isa = PBXResourcesBuildPhase;
			buildActionMask = 2147483647;
			files = (
			);
			runOnlyForDeploymentPostprocessing = 0;
		};
/* End PBXResourcesBuildPhase section */

/* Begin PBXSourcesBuildPhase section */
		75437CA81ACF80F900795E34 /* Sources */ = {
			isa = PBXSourcesBuildPhase;
			buildActionMask = 2147483647;
			files = (
				75437CB81ACF80F900795E34 /* ViewController.m in Sources */,
				75437CD71ACF87E200795E34 /* ZPTableViewCell.m in Sources */,
				75437CB51ACF80F900795E34 /* AppDelegate.m in Sources */,
				75437CB21ACF80F900795E34 /* main.m in Sources */,
			);
			runOnlyForDeploymentPostprocessing = 0;
		};
		75437CC11ACF80F900795E34 /* Sources */ = {
			isa = PBXSourcesBuildPhase;
			buildActionMask = 2147483647;
			files = (
				75437CCC1ACF80F900795E34 /* DemoTests.m in Sources */,
			);
			runOnlyForDeploymentPostprocessing = 0;
		};
/* End PBXSourcesBuildPhase section */

/* Begin PBXTargetDependency section */
		75437CC71ACF80F900795E34 /* PBXTargetDependency */ = {
			isa = PBXTargetDependency;
			target = 75437CAB1ACF80F900795E34 /* Demo */;
			targetProxy = 75437CC61ACF80F900795E34 /* PBXContainerItemProxy */;
		};
/* End PBXTargetDependency section */

/* Begin PBXVariantGroup section */
		75437CB91ACF80F900795E34 /* Main.storyboard */ = {
			isa = PBXVariantGroup;
			children = (
				75437CBA1ACF80F900795E34 /* Base */,
			);
			name = Main.storyboard;
			sourceTree = "<group>";
		};
		75437CBE1ACF80F900795E34 /* LaunchScreen.xib */ = {
			isa = PBXVariantGroup;
			children = (
				75437CBF1ACF80F900795E34 /* Base */,
			);
			name = LaunchScreen.xib;
			sourceTree = "<group>";
		};
/* End PBXVariantGroup section */

/* Begin XCBuildConfiguration section */
		75437CCD1ACF80F900795E34 /* Debug */ = {
			isa = XCBuildConfiguration;
			buildSettings = {
				ALWAYS_SEARCH_USER_PATHS = NO;
				CLANG_CXX_LANGUAGE_STANDARD = "gnu++0x";
				CLANG_CXX_LIBRARY = "libc++";
				CLANG_ENABLE_MODULES = YES;
				CLANG_ENABLE_OBJC_ARC = YES;
				CLANG_WARN_BOOL_CONVERSION = YES;
				CLANG_WARN_CONSTANT_CONVERSION = YES;
				CLANG_WARN_DIRECT_OBJC_ISA_USAGE = YES_ERROR;
				CLANG_WARN_EMPTY_BODY = YES;
				CLANG_WARN_ENUM_CONVERSION = YES;
				CLANG_WARN_INT_CONVERSION = YES;
				CLANG_WARN_OBJC_ROOT_CLASS = YES_ERROR;
				CLANG_WARN_UNREACHABLE_CODE = YES;
				CLANG_WARN__DUPLICATE_METHOD_MATCH = YES;
				"CODE_SIGN_IDENTITY[sdk=iphoneos*]" = "iPhone Developer";
				COPY_PHASE_STRIP = NO;
				ENABLE_STRICT_OBJC_MSGSEND = YES;
				GCC_C_LANGUAGE_STANDARD = gnu99;
				GCC_DYNAMIC_NO_PIC = NO;
				GCC_OPTIMIZATION_LEVEL = 0;
				GCC_PREPROCESSOR_DEFINITIONS = (
					"DEBUG=1",
					"$(inherited)",
				);
				GCC_SYMBOLS_PRIVATE_EXTERN = NO;
				GCC_WARN_64_TO_32_BIT_CONVERSION = YES;
				GCC_WARN_ABOUT_RETURN_TYPE = YES_ERROR;
				GCC_WARN_UNDECLARED_SELECTOR = YES;
				GCC_WARN_UNINITIALIZED_AUTOS = YES_AGGRESSIVE;
				GCC_WARN_UNUSED_FUNCTION = YES;
				GCC_WARN_UNUSED_VARIABLE = YES;
				IPHONEOS_DEPLOYMENT_TARGET = 8.2;
				MTL_ENABLE_DEBUG_INFO = YES;
				ONLY_ACTIVE_ARCH = YES;
				SDKROOT = iphoneos;
			};
			name = Debug;
		};
		75437CCE1ACF80F900795E34 /* Release */ = {
			isa = XCBuildConfiguration;
			buildSettings = {
				ALWAYS_SEARCH_USER_PATHS = NO;
				CLANG_CXX_LANGUAGE_STANDARD = "gnu++0x";
				CLANG_CXX_LIBRARY = "libc++";
				CLANG_ENABLE_MODULES = YES;
				CLANG_ENABLE_OBJC_ARC = YES;
				CLANG_WARN_BOOL_CONVERSION = YES;
				CLANG_WARN_CONSTANT_CONVERSION = YES;
				CLANG_WARN_DIRECT_OBJC_ISA_USAGE = YES_ERROR;
				CLANG_WARN_EMPTY_BODY = YES;
				CLANG_WARN_ENUM_CONVERSION = YES;
				CLANG_WARN_INT_CONVERSION = YES;
				CLANG_WARN_OBJC_ROOT_CLASS = YES_ERROR;
				CLANG_WARN_UNREACHABLE_CODE = YES;
				CLANG_WARN__DUPLICATE_METHOD_MATCH = YES;
				"CODE_SIGN_IDENTITY[sdk=iphoneos*]" = "iPhone Developer";
				COPY_PHASE_STRIP = NO;
				ENABLE_NS_ASSERTIONS = NO;
				ENABLE_STRICT_OBJC_MSGSEND = YES;
				GCC_C_LANGUAGE_STANDARD = gnu99;
				GCC_WARN_64_TO_32_BIT_CONVERSION = YES;
				GCC_WARN_ABOUT_RETURN_TYPE = YES_ERROR;
				GCC_WARN_UNDECLARED_SELECTOR = YES;
				GCC_WARN_UNINITIALIZED_AUTOS = YES_AGGRESSIVE;
				GCC_WARN_UNUSED_FUNCTION = YES;
				GCC_WARN_UNUSED_VARIABLE = YES;
				IPHONEOS_DEPLOYMENT_TARGET = 8.2;
				MTL_ENABLE_DEBUG_INFO = NO;
				SDKROOT = iphoneos;
				VALIDATE_PRODUCT = YES;
			};
			name = Release;
		};
		75437CD01ACF80F900795E34 /* Debug */ = {
			isa = XCBuildConfiguration;
			buildSettings = {
				ASSETCATALOG_COMPILER_APPICON_NAME = AppIcon;
				INFOPLIST_FILE = Demo/Info.plist;
				LD_RUNPATH_SEARCH_PATHS = "$(inherited) @executable_path/Frameworks";
				PRODUCT_NAME = "$(TARGET_NAME)";
			};
			name = Debug;
		};
		75437CD11ACF80F900795E34 /* Release */ = {
			isa = XCBuildConfiguration;
			buildSettings = {
				ASSETCATALOG_COMPILER_APPICON_NAME = AppIcon;
				INFOPLIST_FILE = Demo/Info.plist;
				LD_RUNPATH_SEARCH_PATHS = "$(inherited) @executable_path/Frameworks";
				PRODUCT_NAME = "$(TARGET_NAME)";
			};
			name = Release;
		};
		75437CD31ACF80F900795E34 /* Debug */ = {
			isa = XCBuildConfiguration;
			buildSettings = {
				BUNDLE_LOADER = "$(TEST_HOST)";
				FRAMEWORK_SEARCH_PATHS = (
					"$(SDKROOT)/Developer/Library/Frameworks",
					"$(inherited)",
				);
				GCC_PREPROCESSOR_DEFINITIONS = (
					"DEBUG=1",
					"$(inherited)",
				);
				INFOPLIST_FILE = DemoTests/Info.plist;
				LD_RUNPATH_SEARCH_PATHS = "$(inherited) @executable_path/Frameworks @loader_path/Frameworks";
				PRODUCT_NAME = "$(TARGET_NAME)";
				TEST_HOST = "$(BUILT_PRODUCTS_DIR)/Demo.app/Demo";
			};
			name = Debug;
		};
		75437CD41ACF80F900795E34 /* Release */ = {
			isa = XCBuildConfiguration;
			buildSettings = {
				BUNDLE_LOADER = "$(TEST_HOST)";
				FRAMEWORK_SEARCH_PATHS = (
					"$(SDKROOT)/Developer/Library/Frameworks",
					"$(inherited)",
				);
				INFOPLIST_FILE = DemoTests/Info.plist;
				LD_RUNPATH_SEARCH_PATHS = "$(inherited) @executable_path/Frameworks @loader_path/Frameworks";
				PRODUCT_NAME = "$(TARGET_NAME)";
				TEST_HOST = "$(BUILT_PRODUCTS_DIR)/Demo.app/Demo";
			};
			name = Release;
		};
/* End XCBuildConfiguration section */

/* Begin XCConfigurationList section */
		75437CA71ACF80F900795E34 /* Build configuration list for PBXProject "Demo" */ = {
			isa = XCConfigurationList;
			buildConfigurations = (
				75437CCD1ACF80F900795E34 /* Debug */,
				75437CCE1ACF80F900795E34 /* Release */,
			);
			defaultConfigurationIsVisible = 0;
			defaultConfigurationName = Release;
		};
		75437CCF1ACF80F900795E34 /* Build configuration list for PBXNativeTarget "Demo" */ = {
			isa = XCConfigurationList;
			buildConfigurations = (
				75437CD01ACF80F900795E34 /* Debug */,
				75437CD11ACF80F900795E34 /* Release */,
			);
			defaultConfigurationIsVisible = 0;
		};
		75437CD21ACF80F900795E34 /* Build configuration list for PBXNativeTarget "DemoTests" */ = {
			isa = XCConfigurationList;
			buildConfigurations = (
				75437CD31ACF80F900795E34 /* Debug */,
				75437CD41ACF80F900795E34 /* Release */,
			);
			defaultConfigurationIsVisible = 0;
		};
/* End XCConfigurationList section */
	};
	rootObject = 75437CA41ACF80F900795E34 /* Project object */;
}
